
Microsoft Visual Studio Solution File, Format Version 12.00
# Visual Studio 15
VisualStudioVersion = 15.0.27729.1
MinimumVisualStudioVersion = 10.0.40219.1
Project("{9A19103F-16F7-4668-BE54-9A1E7A4F7556}") = "BlazorServerSide.Server", "BlazorServerSide.Server\BlazorServerSide.Server.csproj", "{F9FD496E-AC68-44DC-8BAA-07CC528286D5}"
EndProject
Project("{9A19103F-16F7-4668-BE54-9A1E7A4F7556}") = "BlazorServerSide.Client", "BlazorServerSide.Client\BlazorServerSide.Client.csproj", "{3DD57F3C-6C07-4DE5-AD96-FF79C1267A6F}"
EndProject
Project("{9A19103F-16F7-4668-BE54-9A1E7A4F7556}") = "BlazorServerSide.Shared", "BlazorServerSide.Shared\BlazorServerSide.Shared.csproj", "{EF373CEC-44AC-45E5-85E4-51B1C29856AF}"
EndProject
Global
	GlobalSection(SolutionConfigurationPlatforms) = preSolution
		Debug|Any CPU = Debug|Any CPU
		Release|Any CPU = Release|Any CPU
	EndGlobalSection
	GlobalSection(ProjectConfigurationPlatforms) = postSolution
		{F9FD496E-AC68-44DC-8BAA-07CC528286D5}.Debug|Any CPU.ActiveCfg = Debug|Any CPU
		{F9FD496E-AC68-44DC-8BAA-07CC528286D5}.Debug|Any CPU.Build.0 = Debug|Any CPU
		{F9FD496E-AC68-44DC-8BAA-07CC528286D5}.Release|Any CPU.ActiveCfg = Release|Any CPU
		{F9FD496E-AC68-44DC-8BAA-07CC528286D5}.Release|Any CPU.Build.0 = Release|Any CPU
		{3DD57F3C-6C07-4DE5-AD96-FF79C1267A6F}.Debug|Any CPU.ActiveCfg = Debug|Any CPU
		{3DD57F3C-6C07-4DE5-AD96-FF79C1267A6F}.Debug|Any CPU.Build.0 = Debug|Any CPU
		{3DD57F3C-6C07-4DE5-AD96-FF79C1267A6F}.Release|Any CPU.ActiveCfg = Release|Any CPU
		{3DD57F3C-6C07-4DE5-AD96-FF79C1267A6F}.Release|Any CPU.Build.0 = Release|Any CPU
		{EF373CEC-44AC-45E5-85E4-51B1C29856AF}.Debug|Any CPU.ActiveCfg = Debug|Any CPU
		{EF373CEC-44AC-45E5-85E4-51B1C29856AF}.Debug|Any CPU.Build.0 = Debug|Any CPU
		{EF373CEC-44AC-45E5-85E4-51B1C29856AF}.Release|Any CPU.ActiveCfg = Release|Any CPU
		{EF373CEC-44AC-45E5-85E4-51B1C29856AF}.Release|Any CPU.Build.0 = Release|Any CPU
	EndGlobalSection
	GlobalSection(SolutionProperties) = preSolution
		HideSolutionNode = FALSE
	EndGlobalSection
	GlobalSection(ExtensibilityGlobals) = postSolution
		SolutionGuid = {4ECC9CDE-4E51-4419-B487-EF4C202C75A5}
	EndGlobalSection
EndGlobal
